// !$*UTF8*$!
{
	archiveVersion = 1;
	classes = {
	};
	objectVersion = 50;
	objects = {

/* Begin PBXGroup section */
		417F29AE27E64D9C0036DC97 = {
			isa = PBXGroup;
			children = (
			);
			sourceTree = "<group>";
		};
/* End PBXGroup section */

/* Begin PBXProject section */
		417F29AF27E64D9C0036DC97 /* Project object */ = {
			isa = PBXProject;
			attributes = {
				LastUpgradeCheck = 1240;
			};
			buildConfigurationList = 417F29B227E64D9C0036DC97 /* Build configuration list for PBXProject "pipeline_workspace" */;
			compatibilityVersion = "Xcode 9.3";
			developmentRegion = en;
			hasScannedForEncodings = 0;
			knownRegions = (
				en,
				Base,
			);
			mainGroup = 417F29AE27E64D9C0036DC97;
			projectDirPath = "";
			projectRoot = "";
			targets = (
			);
		};
/* End PBXProject section */

/* Begin XCBuildConfiguration section */
		417F29B327E64D9C0036DC97 /* Debug */ = {
			isa = XCBuildConfiguration;
			buildSettings = {
			};
			name = Debug;
		};
		417F29B427E64D9C0036DC97 /* Release */ = {
			isa = XCBuildConfiguration;
			buildSettings = {
			};
			name = Release;
		};
/* End XCBuildConfiguration section */

/* Begin XCConfigurationList section */
		417F29B227E64D9C0036DC97 /* Build configuration list for PBXProject "pipeline_workspace" */ = {
			isa = XCConfigurationList;
			buildConfigurations = (
				417F29B327E64D9C0036DC97 /* Debug */,
				417F29B427E64D9C0036DC97 /* Release */,
			);
			defaultConfigurationIsVisible = 0;
			defaultConfigurationName = Release;
		};
/* End XCConfigurationList section */
	};
	rootObject = 417F29AF27E64D9C0036DC97 /* Project object */;
}
